
Microsoft Visual Studio Solution File, Format Version 12.00
# Visual Studio 15
VisualStudioVersion = 15.0.27703.2026
MinimumVisualStudioVersion = 10.0.40219.1
Project("{888888A0-9F3D-457C-B088-3A5042F75D52}") = "websitev1", "websitev1\websitev1.pyproj", "{E369EF8D-FAAA-4ABE-8C87-681798CA55E6}"
EndProject
Global
	GlobalSection(SolutionConfigurationPlatforms) = preSolution
		Debug|Any CPU = Debug|Any CPU
		Release|Any CPU = Release|Any CPU
	EndGlobalSection
	GlobalSection(ProjectConfigurationPlatforms) = postSolution
		{E369EF8D-FAAA-4ABE-8C87-681798CA55E6}.Debug|Any CPU.ActiveCfg = Debug|Any CPU
		{E369EF8D-FAAA-4ABE-8C87-681798CA55E6}.Debug|Any CPU.Build.0 = Debug|Any CPU
		{E369EF8D-FAAA-4ABE-8C87-681798CA55E6}.Release|Any CPU.ActiveCfg = Release|Any CPU
		{E369EF8D-FAAA-4ABE-8C87-681798CA55E6}.Release|Any CPU.Build.0 = Release|Any CPU
	EndGlobalSection
	GlobalSection(SolutionProperties) = preSolution
		HideSolutionNode = FALSE
	EndGlobalSection
	GlobalSection(ExtensibilityGlobals) = postSolution
		SolutionGuid = {7BBD1ADE-67C1-4CC4-814C-6E5080B52F51}
	EndGlobalSection
EndGlobal
